# THIS IS AN AUTOGENERATED FILE. DO NOT EDIT THIS FILE DIRECTLY.
# yarn lockfile v1


tail@2.0.4:
  version "2.0.4"
  resolved "https://registry.yarnpkg.com/tail/-/tail-2.0.4.tgz#4824de583004df17606d04854aa3cc3491b17010"
  integrity sha512-xHkZdNWIzO++g+V/rHGqVoHd2LRxz+8t8bj6FGelfb8FHBjg5yjkX7Su/8sQSBo5alIspYkRp/fU0A2SM5h+5A==
