# THIS IS AN AUTOGENERATED FILE. DO NOT EDIT THIS FILE DIRECTLY.
# yarn lockfile v1


tail@2.2.2:
  version "2.2.2"
  resolved "https://registry.yarnpkg.com/tail/-/tail-2.2.2.tgz#826afd42551a3e070fcc66ba010d4caaed4728b3"
  integrity sha512-IlfiFF8g5sPAqIZEL3qkIFcjODBM5DqdkVUhwXdKSDYqOgXGL4Gu0Hh1UQWXdCW5gBHi52cnk9WWMowsfjF4XA==
