# THIS IS AN AUTOGENERATED FILE. DO NOT EDIT THIS FILE DIRECTLY.
# yarn lockfile v1


tail@2.2.6:
  version "2.2.6"
  resolved "https://registry.yarnpkg.com/tail/-/tail-2.2.6.tgz#24abd701963639b896c42496d5f416216ec0b558"
  integrity sha512-IQ6G4wK/t8VBauYiGPLx+d3fA5XjSVagjWV5SIYzvEvglbQjwEcukeYI68JOPpdydjxhZ9sIgzRlSmwSpphHyw==
